
Microsoft Visual Studio Solution File, Format Version 12.00
# Visual Studio Version 17
VisualStudioVersion = 17.5.33530.505
MinimumVisualStudioVersion = 10.0.40219.1
Project("{FAE04EC0-301F-11D3-BF4B-00C04F79EFBC}") = "HOY", "HOY\HOY.csproj", "{1974A117-5459-4C0B-8833-CF9C23ACD5B2}"
EndProject
Global
	GlobalSection(SolutionConfigurationPlatforms) = preSolution
		Debug|Any CPU = Debug|Any CPU
		Release|Any CPU = Release|Any CPU
	EndGlobalSection
	GlobalSection(ProjectConfigurationPlatforms) = postSolution
		{1974A117-5459-4C0B-8833-CF9C23ACD5B2}.Debug|Any CPU.ActiveCfg = Debug|Any CPU
		{1974A117-5459-4C0B-8833-CF9C23ACD5B2}.Debug|Any CPU.Build.0 = Debug|Any CPU
		{1974A117-5459-4C0B-8833-CF9C23ACD5B2}.Release|Any CPU.ActiveCfg = Release|Any CPU
		{1974A117-5459-4C0B-8833-CF9C23ACD5B2}.Release|Any CPU.Build.0 = Release|Any CPU
	EndGlobalSection
	GlobalSection(SolutionProperties) = preSolution
		HideSolutionNode = FALSE
	EndGlobalSection
	GlobalSection(ExtensibilityGlobals) = postSolution
		SolutionGuid = {EF2D998B-EF2D-4329-A0FF-1CE91CB59934}
	EndGlobalSection
EndGlobal
